
Microsoft Visual Studio Solution File, Format Version 12.00
# Visual Studio Version 16
VisualStudioVersion = 16.0.32228.343
MinimumVisualStudioVersion = 10.0.40219.1
Project("{FAE04EC0-301F-11D3-BF4B-00C04F79EFBC}") = "MPT_Attendance_Journal", "MPT_Attendance_Journal\MPT_Attendance_Journal.csproj", "{0CA667AB-D0E1-4B63-819E-D2C5B37315D4}"
EndProject
Global
	GlobalSection(SolutionConfigurationPlatforms) = preSolution
		Debug|Any CPU = Debug|Any CPU
		Release|Any CPU = Release|Any CPU
	EndGlobalSection
	GlobalSection(ProjectConfigurationPlatforms) = postSolution
		{0CA667AB-D0E1-4B63-819E-D2C5B37315D4}.Debug|Any CPU.ActiveCfg = Debug|Any CPU
		{0CA667AB-D0E1-4B63-819E-D2C5B37315D4}.Debug|Any CPU.Build.0 = Debug|Any CPU
		{0CA667AB-D0E1-4B63-819E-D2C5B37315D4}.Release|Any CPU.ActiveCfg = Release|Any CPU
		{0CA667AB-D0E1-4B63-819E-D2C5B37315D4}.Release|Any CPU.Build.0 = Release|Any CPU
	EndGlobalSection
	GlobalSection(SolutionProperties) = preSolution
		HideSolutionNode = FALSE
	EndGlobalSection
	GlobalSection(ExtensibilityGlobals) = postSolution
		SolutionGuid = {41E53866-CFB9-474A-9E01-373EA944F113}
	EndGlobalSection
EndGlobal
